
Microsoft Visual Studio Solution File, Format Version 12.00
Project("{FAE04EC0-301F-11D3-BF4B-00C04F79EFBC}") = "LingoBank.API", "LingoBank.API\LingoBank.API.csproj", "{08297F76-67B6-4E74-A1BC-FE67D465EA6A}"
EndProject
Project("{FAE04EC0-301F-11D3-BF4B-00C04F79EFBC}") = "LingoBank.Core", "LingoBank.Core\LingoBank.Core.csproj", "{ED8B4ED2-5772-4681-AAB8-0E276A6FEE3D}"
EndProject
Project("{FAE04EC0-301F-11D3-BF4B-00C04F79EFBC}") = "LingoBank.Database", "LingoBank.Database\LingoBank.Database.csproj", "{C04A5608-8472-465C-A5EF-DE81440718C4}"
EndProject
Project("{FAE04EC0-301F-11D3-BF4B-00C04F79EFBC}") = "LingoBank.API.UnitTests", "LingoBank.API.UnitTests\LingoBank.API.UnitTests.csproj", "{93EAE34C-5547-4635-AFB9-4E1FC9BF0885}"
EndProject
Global
	GlobalSection(SolutionConfigurationPlatforms) = preSolution
		Debug|Any CPU = Debug|Any CPU
		Release|Any CPU = Release|Any CPU
	EndGlobalSection
	GlobalSection(ProjectConfigurationPlatforms) = postSolution
		{08297F76-67B6-4E74-A1BC-FE67D465EA6A}.Debug|Any CPU.ActiveCfg = Debug|Any CPU
		{08297F76-67B6-4E74-A1BC-FE67D465EA6A}.Debug|Any CPU.Build.0 = Debug|Any CPU
		{08297F76-67B6-4E74-A1BC-FE67D465EA6A}.Release|Any CPU.ActiveCfg = Release|Any CPU
		{08297F76-67B6-4E74-A1BC-FE67D465EA6A}.Release|Any CPU.Build.0 = Release|Any CPU
		{ED8B4ED2-5772-4681-AAB8-0E276A6FEE3D}.Debug|Any CPU.ActiveCfg = Debug|Any CPU
		{ED8B4ED2-5772-4681-AAB8-0E276A6FEE3D}.Debug|Any CPU.Build.0 = Debug|Any CPU
		{ED8B4ED2-5772-4681-AAB8-0E276A6FEE3D}.Release|Any CPU.ActiveCfg = Release|Any CPU
		{ED8B4ED2-5772-4681-AAB8-0E276A6FEE3D}.Release|Any CPU.Build.0 = Release|Any CPU
		{C04A5608-8472-465C-A5EF-DE81440718C4}.Debug|Any CPU.ActiveCfg = Debug|Any CPU
		{C04A5608-8472-465C-A5EF-DE81440718C4}.Debug|Any CPU.Build.0 = Debug|Any CPU
		{C04A5608-8472-465C-A5EF-DE81440718C4}.Release|Any CPU.ActiveCfg = Release|Any CPU
		{C04A5608-8472-465C-A5EF-DE81440718C4}.Release|Any CPU.Build.0 = Release|Any CPU
		{93EAE34C-5547-4635-AFB9-4E1FC9BF0885}.Debug|Any CPU.ActiveCfg = Debug|Any CPU
		{93EAE34C-5547-4635-AFB9-4E1FC9BF0885}.Debug|Any CPU.Build.0 = Debug|Any CPU
		{93EAE34C-5547-4635-AFB9-4E1FC9BF0885}.Release|Any CPU.ActiveCfg = Release|Any CPU
		{93EAE34C-5547-4635-AFB9-4E1FC9BF0885}.Release|Any CPU.Build.0 = Release|Any CPU
	EndGlobalSection
	GlobalSection(NestedProjects) = preSolution
	EndGlobalSection
EndGlobal
